{
  "name": "(1.5) Mailing Labels Generator (LOCAL)",
  "lockfileVersion": 2,
  "requires": true,
  "packages": {
    "": {
      "dependencies": {
        "print-js": "^1.6.0"
      }
    },
    "node_modules/print-js": {
      "version": "1.6.0",
      "resolved": "https://registry.npmjs.org/print-js/-/print-js-1.6.0.tgz",
      "integrity": "sha512-BfnOIzSKbqGRtO4o0rnj/K3681BSd2QUrsIZy/+WdCIugjIswjmx3lDEZpXB2ruGf9d4b3YNINri81+J0FsBWg=="
    }
  },
  "dependencies": {
    "print-js": {
      "version": "1.6.0",
      "resolved": "https://registry.npmjs.org/print-js/-/print-js-1.6.0.tgz",
      "integrity": "sha512-BfnOIzSKbqGRtO4o0rnj/K3681BSd2QUrsIZy/+WdCIugjIswjmx3lDEZpXB2ruGf9d4b3YNINri81+J0FsBWg=="
    }
  }
}
